
Microsoft Visual Studio Solution File, Format Version 12.00
# Visual Studio 14
VisualStudioVersion = 14.0.23107.0
MinimumVisualStudioVersion = 10.0.40219.1
Project("{FAE04EC0-301F-11D3-BF4B-00C04F79EFBC}") = "GetSetData", "GetSetData\GetSetData.csproj", "{B1313869-A1EE-4BF9-9DD8-21E10AA05D65}"
EndProject
Project("{FAE04EC0-301F-11D3-BF4B-00C04F79EFBC}") = "GetSetDataWeb", "GetSetDataWeb\GetSetDataWeb.csproj", "{812A39CF-FC50-49AC-AF86-4845A363FDE6}"
EndProject
Project("{2150E333-8FDC-42A3-9474-1A3956D46DE8}") = "01.Basic", "01.Basic", "{15315297-F0A5-4842-AD86-1CE2FCEF0980}"
EndProject
Project("{FAE04EC0-301F-11D3-BF4B-00C04F79EFBC}") = "SetDataTable", "SetDataTable\SetDataTable.csproj", "{AF78D1CE-7AD8-47BF-8F4C-A945CCCFF699}"
EndProject
Project("{FAE04EC0-301F-11D3-BF4B-00C04F79EFBC}") = "SetDataTableWeb", "SetDataTableWeb\SetDataTableWeb.csproj", "{FF310D44-54EA-46EC-8088-67287EDA03F9}"
EndProject
Global
	GlobalSection(SolutionConfigurationPlatforms) = preSolution
		Debug|Any CPU = Debug|Any CPU
		Release|Any CPU = Release|Any CPU
	EndGlobalSection
	GlobalSection(ProjectConfigurationPlatforms) = postSolution
		{B1313869-A1EE-4BF9-9DD8-21E10AA05D65}.Debug|Any CPU.ActiveCfg = Debug|Any CPU
		{B1313869-A1EE-4BF9-9DD8-21E10AA05D65}.Debug|Any CPU.Build.0 = Debug|Any CPU
		{B1313869-A1EE-4BF9-9DD8-21E10AA05D65}.Debug|Any CPU.Deploy.0 = Debug|Any CPU
		{B1313869-A1EE-4BF9-9DD8-21E10AA05D65}.Release|Any CPU.ActiveCfg = Release|Any CPU
		{B1313869-A1EE-4BF9-9DD8-21E10AA05D65}.Release|Any CPU.Build.0 = Release|Any CPU
		{B1313869-A1EE-4BF9-9DD8-21E10AA05D65}.Release|Any CPU.Deploy.0 = Release|Any CPU
		{812A39CF-FC50-49AC-AF86-4845A363FDE6}.Debug|Any CPU.ActiveCfg = Debug|Any CPU
		{812A39CF-FC50-49AC-AF86-4845A363FDE6}.Debug|Any CPU.Build.0 = Debug|Any CPU
		{812A39CF-FC50-49AC-AF86-4845A363FDE6}.Release|Any CPU.ActiveCfg = Release|Any CPU
		{812A39CF-FC50-49AC-AF86-4845A363FDE6}.Release|Any CPU.Build.0 = Release|Any CPU
		{AF78D1CE-7AD8-47BF-8F4C-A945CCCFF699}.Debug|Any CPU.ActiveCfg = Debug|Any CPU
		{AF78D1CE-7AD8-47BF-8F4C-A945CCCFF699}.Debug|Any CPU.Build.0 = Debug|Any CPU
		{AF78D1CE-7AD8-47BF-8F4C-A945CCCFF699}.Debug|Any CPU.Deploy.0 = Debug|Any CPU
		{AF78D1CE-7AD8-47BF-8F4C-A945CCCFF699}.Release|Any CPU.ActiveCfg = Release|Any CPU
		{AF78D1CE-7AD8-47BF-8F4C-A945CCCFF699}.Release|Any CPU.Build.0 = Release|Any CPU
		{AF78D1CE-7AD8-47BF-8F4C-A945CCCFF699}.Release|Any CPU.Deploy.0 = Release|Any CPU
		{FF310D44-54EA-46EC-8088-67287EDA03F9}.Debug|Any CPU.ActiveCfg = Debug|Any CPU
		{FF310D44-54EA-46EC-8088-67287EDA03F9}.Debug|Any CPU.Build.0 = Debug|Any CPU
		{FF310D44-54EA-46EC-8088-67287EDA03F9}.Release|Any CPU.ActiveCfg = Release|Any CPU
		{FF310D44-54EA-46EC-8088-67287EDA03F9}.Release|Any CPU.Build.0 = Release|Any CPU
	EndGlobalSection
	GlobalSection(SolutionProperties) = preSolution
		HideSolutionNode = FALSE
	EndGlobalSection
	GlobalSection(NestedProjects) = preSolution
		{B1313869-A1EE-4BF9-9DD8-21E10AA05D65} = {15315297-F0A5-4842-AD86-1CE2FCEF0980}
		{812A39CF-FC50-49AC-AF86-4845A363FDE6} = {15315297-F0A5-4842-AD86-1CE2FCEF0980}
		{AF78D1CE-7AD8-47BF-8F4C-A945CCCFF699} = {15315297-F0A5-4842-AD86-1CE2FCEF0980}
		{FF310D44-54EA-46EC-8088-67287EDA03F9} = {15315297-F0A5-4842-AD86-1CE2FCEF0980}
	EndGlobalSection
EndGlobal
